// !$*UTF8*$!
{
	archiveVersion = 1;
	classes = {
	};
	objectVersion = 77;
	objects = {

/* Begin PBXBuildFile section */
		8626E7782D8746D40014A5DC /* DisplayConfiguration.swift in Sources */ = {isa = PBXBuildFile; fileRef = 8626E76F2D8746D40014A5DC /* DisplayConfiguration.swift */; };
		8626E7792D8746D40014A5DC /* ScreenCaptureManager.swift in Sources */ = {isa = PBXBuildFile; fileRef = 8626E7762D8746D40014A5DC /* ScreenCaptureManager.swift */; };
		8626E77A2D8746D40014A5DC /* CursorWindowApp.swift in Sources */ = {isa = PBXBuildFile; fileRef = 8626E7742D8746D40014A5DC /* CursorWindowApp.swift */; };
		8626E77B2D8746D40014A5DC /* CaptureRegion.swift in Sources */ = {isa = PBXBuildFile; fileRef = 8626E76E2D8746D40014A5DC /* CaptureRegion.swift */; };
		8626E77C2D8746D40014A5DC /* CapturePreview.swift in Sources */ = {isa = PBXBuildFile; fileRef = 8626E7722D8746D40014A5DC /* CapturePreview.swift */; };
		8626E77D2D8746D40014A5DC /* FrameProcessor.swift in Sources */ = {isa = PBXBuildFile; fileRef = 8626E7702D8746D40014A5DC /* FrameProcessor.swift */; };
		8626E77E2D8746D40014A5DC /* main.swift in Sources */ = {isa = PBXBuildFile; fileRef = 8626E7752D8746D40014A5DC /* main.swift */; };
		86FD683D2D8704F400E14F5D /* ScreenCaptureKit.framework in Frameworks */ = {isa = PBXBuildFile; fileRef = 86FD683C2D8704F400E14F5D /* ScreenCaptureKit.framework */; };
		86FD68432D87097300E14F5D /* XCTest.framework in Frameworks */ = {isa = PBXBuildFile; fileRef = 86FD68422D87097300E14F5D /* XCTest.framework */; };
/* End PBXBuildFile section */

/* Begin PBXContainerItemProxy section */
		86FD68362D87034200E14F5D /* PBXContainerItemProxy */ = {
			isa = PBXContainerItemProxy;
			containerPortal = 86BBB9072D868049007A1C74 /* Project object */;
			proxyType = 1;
			remoteGlobalIDString = 86BBB90E2D868049007A1C74;
			remoteInfo = "cursor-window";
		};
/* End PBXContainerItemProxy section */

/* Begin PBXCopyFilesBuildPhase section */
		86FD7D552D870F2100E14F5D /* CopyFiles */ = {
			isa = PBXCopyFilesBuildPhase;
			buildActionMask = 2147483647;
			dstPath = /usr/share/man/man1/;
			dstSubfolderSpec = 0;
			files = (
			);
			runOnlyForDeploymentPostprocessing = 1;
		};
/* End PBXCopyFilesBuildPhase section */

/* Begin PBXFileReference section */
		8626E76E2D8746D40014A5DC /* CaptureRegion.swift */ = {isa = PBXFileReference; lastKnownFileType = sourcecode.swift; path = CaptureRegion.swift; sourceTree = "<group>"; };
		8626E76F2D8746D40014A5DC /* DisplayConfiguration.swift */ = {isa = PBXFileReference; lastKnownFileType = sourcecode.swift; path = DisplayConfiguration.swift; sourceTree = "<group>"; };
		8626E7702D8746D40014A5DC /* FrameProcessor.swift */ = {isa = PBXFileReference; lastKnownFileType = sourcecode.swift; path = FrameProcessor.swift; sourceTree = "<group>"; };
		8626E7722D8746D40014A5DC /* CapturePreview.swift */ = {isa = PBXFileReference; lastKnownFileType = sourcecode.swift; path = CapturePreview.swift; sourceTree = "<group>"; };
		8626E7742D8746D40014A5DC /* CursorWindowApp.swift */ = {isa = PBXFileReference; lastKnownFileType = sourcecode.swift; path = CursorWindowApp.swift; sourceTree = "<group>"; };
		8626E7752D8746D40014A5DC /* main.swift */ = {isa = PBXFileReference; lastKnownFileType = sourcecode.swift; path = main.swift; sourceTree = "<group>"; };
		8626E7762D8746D40014A5DC /* ScreenCaptureManager.swift */ = {isa = PBXFileReference; lastKnownFileType = sourcecode.swift; path = ScreenCaptureManager.swift; sourceTree = "<group>"; };
		86BBB90F2D868049007A1C74 /* cursor-window.app */ = {isa = PBXFileReference; explicitFileType = wrapper.application; includeInIndex = 0; path = "cursor-window.app"; sourceTree = BUILT_PRODUCTS_DIR; };
		86FD68322D87034200E14F5D /* CursorMirrorTests.xctest */ = {isa = PBXFileReference; explicitFileType = wrapper.cfbundle; includeInIndex = 0; path = CursorMirrorTests.xctest; sourceTree = BUILT_PRODUCTS_DIR; };
		86FD683C2D8704F400E14F5D /* ScreenCaptureKit.framework */ = {isa = PBXFileReference; lastKnownFileType = wrapper.framework; name = ScreenCaptureKit.framework; path = System/Library/Frameworks/ScreenCaptureKit.framework; sourceTree = SDKROOT; };
		86FD68422D87097300E14F5D /* XCTest.framework */ = {isa = PBXFileReference; lastKnownFileType = wrapper.framework; name = XCTest.framework; path = Platforms/MacOSX.platform/Developer/Library/Frameworks/XCTest.framework; sourceTree = DEVELOPER_DIR; };
		86FD7D572D870F2100E14F5D /* iconGenerator */ = {isa = PBXFileReference; explicitFileType = "compiled.mach-o.executable"; includeInIndex = 0; path = iconGenerator; sourceTree = BUILT_PRODUCTS_DIR; };
/* End PBXFileReference section */

/* Begin PBXFileSystemSynchronizedRootGroup section */
		86FD68332D87034200E14F5D /* CursorMirrorTests */ = {
			isa = PBXFileSystemSynchronizedRootGroup;
			path = CursorMirrorTests;
			sourceTree = "<group>";
		};
/* End PBXFileSystemSynchronizedRootGroup section */

/* Begin PBXFrameworksBuildPhase section */
		86BBB90C2D868049007A1C74 /* Frameworks */ = {
			isa = PBXFrameworksBuildPhase;
			buildActionMask = 2147483647;
			files = (
				86FD683D2D8704F400E14F5D /* ScreenCaptureKit.framework in Frameworks */,
			);
			runOnlyForDeploymentPostprocessing = 0;
		};
		86FD682F2D87034200E14F5D /* Frameworks */ = {
			isa = PBXFrameworksBuildPhase;
			buildActionMask = 2147483647;
			files = (
				86FD68432D87097300E14F5D /* XCTest.framework in Frameworks */,
			);
			runOnlyForDeploymentPostprocessing = 0;
		};
		86FD7D542D870F2100E14F5D /* Frameworks */ = {
			isa = PBXFrameworksBuildPhase;
			buildActionMask = 2147483647;
			files = (
			);
			runOnlyForDeploymentPostprocessing = 0;
		};
/* End PBXFrameworksBuildPhase section */

/* Begin PBXGroup section */
		8626E7712D8746D40014A5DC /* Models */ = {
			isa = PBXGroup;
			children = (
				8626E76E2D8746D40014A5DC /* CaptureRegion.swift */,
				8626E76F2D8746D40014A5DC /* DisplayConfiguration.swift */,
				8626E7702D8746D40014A5DC /* FrameProcessor.swift */,
			);
			path = Models;
			sourceTree = "<group>";
		};
		8626E7732D8746D40014A5DC /* Views */ = {
			isa = PBXGroup;
			children = (
				8626E7722D8746D40014A5DC /* CapturePreview.swift */,
			);
			path = Views;
			sourceTree = "<group>";
		};
		8626E7772D8746D40014A5DC /* App */ = {
			isa = PBXGroup;
			children = (
				8626E7712D8746D40014A5DC /* Models */,
				8626E7732D8746D40014A5DC /* Views */,
				8626E7742D8746D40014A5DC /* CursorWindowApp.swift */,
				8626E7752D8746D40014A5DC /* main.swift */,
				8626E7762D8746D40014A5DC /* ScreenCaptureManager.swift */,
			);
			path = App;
			sourceTree = "<group>";
		};
		86BBB9062D868049007A1C74 = {
			isa = PBXGroup;
			children = (
				8626E7772D8746D40014A5DC /* App */,
				86FD68332D87034200E14F5D /* CursorMirrorTests */,
				86FD683B2D8704F400E14F5D /* Frameworks */,
				86BBB9102D868049007A1C74 /* Products */,
			);
			sourceTree = "<group>";
		};
		86BBB9102D868049007A1C74 /* Products */ = {
			isa = PBXGroup;
			children = (
				86BBB90F2D868049007A1C74 /* cursor-window.app */,
				86FD68322D87034200E14F5D /* CursorMirrorTests.xctest */,
				86FD7D572D870F2100E14F5D /* iconGenerator */,
			);
			name = Products;
			sourceTree = "<group>";
		};
		86FD683B2D8704F400E14F5D /* Frameworks */ = {
			isa = PBXGroup;
			children = (
				86FD68422D87097300E14F5D /* XCTest.framework */,
				86FD683C2D8704F400E14F5D /* ScreenCaptureKit.framework */,
			);
			name = Frameworks;
			sourceTree = "<group>";
		};
/* End PBXGroup section */

/* Begin PBXNativeTarget section */
		86BBB90E2D868049007A1C74 /* cursor-window */ = {
			isa = PBXNativeTarget;
			buildConfigurationList = 86BBB91E2D86804B007A1C74 /* Build configuration list for PBXNativeTarget "cursor-window" */;
			buildPhases = (
				86BBB90B2D868049007A1C74 /* Sources */,
				86BBB90C2D868049007A1C74 /* Frameworks */,
				86BBB90D2D868049007A1C74 /* Resources */,
			);
			buildRules = (
			);
			dependencies = (
			);
			name = "cursor-window";
			packageProductDependencies = (
			);
			productName = "cursor-window";
			productReference = 86BBB90F2D868049007A1C74 /* cursor-window.app */;
			productType = "com.apple.product-type.application";
		};
		86FD68312D87034200E14F5D /* CursorMirrorTests */ = {
			isa = PBXNativeTarget;
			buildConfigurationList = 86FD683A2D87034200E14F5D /* Build configuration list for PBXNativeTarget "CursorMirrorTests" */;
			buildPhases = (
				86FD682E2D87034200E14F5D /* Sources */,
				86FD682F2D87034200E14F5D /* Frameworks */,
				86FD68302D87034200E14F5D /* Resources */,
			);
			buildRules = (
			);
			dependencies = (
				86FD68372D87034200E14F5D /* PBXTargetDependency */,
			);
			fileSystemSynchronizedGroups = (
				86FD68332D87034200E14F5D /* CursorMirrorTests */,
			);
			name = CursorMirrorTests;
			packageProductDependencies = (
			);
			productName = CursorMirrorTests;
			productReference = 86FD68322D87034200E14F5D /* CursorMirrorTests.xctest */;
			productType = "com.apple.product-type.bundle.unit-test";
		};
		86FD7D562D870F2100E14F5D /* iconGenerator */ = {
			isa = PBXNativeTarget;
			buildConfigurationList = 86FD7D5B2D870F2100E14F5D /* Build configuration list for PBXNativeTarget "iconGenerator" */;
			buildPhases = (
				86FD7D532D870F2100E14F5D /* Sources */,
				86FD7D542D870F2100E14F5D /* Frameworks */,
				86FD7D552D870F2100E14F5D /* CopyFiles */,
			);
			buildRules = (
			);
			dependencies = (
			);
			name = iconGenerator;
			packageProductDependencies = (
			);
			productName = iconGenerator;
			productReference = 86FD7D572D870F2100E14F5D /* iconGenerator */;
			productType = "com.apple.product-type.tool";
		};
/* End PBXNativeTarget section */

/* Begin PBXProject section */
		86BBB9072D868049007A1C74 /* Project object */ = {
			isa = PBXProject;
			attributes = {
				BuildIndependentTargetsInParallel = 1;
				LastSwiftUpdateCheck = 1620;
				LastUpgradeCheck = 1620;
				TargetAttributes = {
					86BBB90E2D868049007A1C74 = {
						CreatedOnToolsVersion = 16.2;
					};
					86FD68312D87034200E14F5D = {
						CreatedOnToolsVersion = 16.2;
						TestTargetID = 86BBB90E2D868049007A1C74;
					};
					86FD7D562D870F2100E14F5D = {
						CreatedOnToolsVersion = 16.2;
					};
				};
			};
			buildConfigurationList = 86BBB90A2D868049007A1C74 /* Build configuration list for PBXProject "cursor-window" */;
			developmentRegion = en;
			hasScannedForEncodings = 0;
			knownRegions = (
				en,
				Base,
			);
			mainGroup = 86BBB9062D868049007A1C74;
			minimizedProjectReferenceProxies = 1;
			preferredProjectObjectVersion = 77;
			productRefGroup = 86BBB9102D868049007A1C74 /* Products */;
			projectDirPath = "";
			projectRoot = "";
			targets = (
				86BBB90E2D868049007A1C74 /* cursor-window */,
				86FD68312D87034200E14F5D /* CursorMirrorTests */,
				86FD7D562D870F2100E14F5D /* iconGenerator */,
			);
		};
/* End PBXProject section */

/* Begin PBXResourcesBuildPhase section */
		86BBB90D2D868049007A1C74 /* Resources */ = {
			isa = PBXResourcesBuildPhase;
			buildActionMask = 2147483647;
			files = (
			);
			runOnlyForDeploymentPostprocessing = 0;
		};
		86FD68302D87034200E14F5D /* Resources */ = {
			isa = PBXResourcesBuildPhase;
			buildActionMask = 2147483647;
			files = (
			);
			runOnlyForDeploymentPostprocessing = 0;
		};
/* End PBXResourcesBuildPhase section */

/* Begin PBXSourcesBuildPhase section */
		86BBB90B2D868049007A1C74 /* Sources */ = {
			isa = PBXSourcesBuildPhase;
			buildActionMask = 2147483647;
			files = (
				8626E7782D8746D40014A5DC /* DisplayConfiguration.swift in Sources */,
				8626E7792D8746D40014A5DC /* ScreenCaptureManager.swift in Sources */,
				8626E77A2D8746D40014A5DC /* CursorWindowApp.swift in Sources */,
				8626E77B2D8746D40014A5DC /* CaptureRegion.swift in Sources */,
				8626E77C2D8746D40014A5DC /* CapturePreview.swift in Sources */,
				8626E77D2D8746D40014A5DC /* FrameProcessor.swift in Sources */,
				8626E77E2D8746D40014A5DC /* main.swift in Sources */,
			);
			runOnlyForDeploymentPostprocessing = 0;
		};
		86FD682E2D87034200E14F5D /* Sources */ = {
			isa = PBXSourcesBuildPhase;
			buildActionMask = 2147483647;
			files = (
			);
			runOnlyForDeploymentPostprocessing = 0;
		};
		86FD7D532D870F2100E14F5D /* Sources */ = {
			isa = PBXSourcesBuildPhase;
			buildActionMask = 2147483647;
			files = (
			);
			runOnlyForDeploymentPostprocessing = 0;
		};
/* End PBXSourcesBuildPhase section */

/* Begin PBXTargetDependency section */
		86FD68372D87034200E14F5D /* PBXTargetDependency */ = {
			isa = PBXTargetDependency;
			target = 86BBB90E2D868049007A1C74 /* cursor-window */;
			targetProxy = 86FD68362D87034200E14F5D /* PBXContainerItemProxy */;
		};
/* End PBXTargetDependency section */

/* Begin XCBuildConfiguration section */
		86BBB91C2D86804B007A1C74 /* Debug */ = {
			isa = XCBuildConfiguration;
			buildSettings = {
				ALWAYS_SEARCH_USER_PATHS = NO;
				ASSETCATALOG_COMPILER_GENERATE_SWIFT_ASSET_SYMBOL_EXTENSIONS = YES;
				CLANG_ANALYZER_NONNULL = YES;
				CLANG_ANALYZER_NUMBER_OBJECT_CONVERSION = YES_AGGRESSIVE;
				CLANG_CXX_LANGUAGE_STANDARD = "gnu++20";
				CLANG_ENABLE_MODULES = YES;
				CLANG_ENABLE_OBJC_ARC = YES;
				CLANG_ENABLE_OBJC_WEAK = YES;
				CLANG_WARN_BLOCK_CAPTURE_AUTORELEASING = YES;
				CLANG_WARN_BOOL_CONVERSION = YES;
				CLANG_WARN_COMMA = YES;
				CLANG_WARN_CONSTANT_CONVERSION = YES;
				CLANG_WARN_DEPRECATED_OBJC_IMPLEMENTATIONS = YES;
				CLANG_WARN_DIRECT_OBJC_ISA_USAGE = YES_ERROR;
				CLANG_WARN_DOCUMENTATION_COMMENTS = YES;
				CLANG_WARN_EMPTY_BODY = YES;
				CLANG_WARN_ENUM_CONVERSION = YES;
				CLANG_WARN_INFINITE_RECURSION = YES;
				CLANG_WARN_INT_CONVERSION = YES;
				CLANG_WARN_NON_LITERAL_NULL_CONVERSION = YES;
				CLANG_WARN_OBJC_IMPLICIT_RETAIN_SELF = YES;
				CLANG_WARN_OBJC_LITERAL_CONVERSION = YES;
				CLANG_WARN_OBJC_ROOT_CLASS = YES_ERROR;
				CLANG_WARN_QUOTED_INCLUDE_IN_FRAMEWORK_HEADER = YES;
				CLANG_WARN_RANGE_LOOP_ANALYSIS = YES;
				CLANG_WARN_STRICT_PROTOTYPES = YES;
				CLANG_WARN_SUSPICIOUS_MOVE = YES;
				CLANG_WARN_UNGUARDED_AVAILABILITY = YES_AGGRESSIVE;
				CLANG_WARN_UNREACHABLE_CODE = YES;
				CLANG_WARN__DUPLICATE_METHOD_MATCH = YES;
				COPY_PHASE_STRIP = NO;
				DEBUG_INFORMATION_FORMAT = dwarf;
				ENABLE_STRICT_OBJC_MSGSEND = YES;
				ENABLE_TESTABILITY = YES;
				ENABLE_USER_SCRIPT_SANDBOXING = YES;
				GCC_C_LANGUAGE_STANDARD = gnu17;
				GCC_DYNAMIC_NO_PIC = NO;
				GCC_NO_COMMON_BLOCKS = YES;
				GCC_OPTIMIZATION_LEVEL = 0;
				GCC_PREPROCESSOR_DEFINITIONS = (
					"DEBUG=1",
					"$(inherited)",
				);
				GCC_WARN_64_TO_32_BIT_CONVERSION = YES;
				GCC_WARN_ABOUT_RETURN_TYPE = YES_ERROR;
				GCC_WARN_UNDECLARED_SELECTOR = YES;
				GCC_WARN_UNINITIALIZED_AUTOS = YES_AGGRESSIVE;
				GCC_WARN_UNUSED_FUNCTION = YES;
				GCC_WARN_UNUSED_VARIABLE = YES;
				LOCALIZATION_PREFERS_STRING_CATALOGS = YES;
				MACOSX_DEPLOYMENT_TARGET = 15.2;
				MTL_ENABLE_DEBUG_INFO = INCLUDE_SOURCE;
				MTL_FAST_MATH = YES;
				ONLY_ACTIVE_ARCH = YES;
				SDKROOT = macosx;
				SWIFT_ACTIVE_COMPILATION_CONDITIONS = "DEBUG $(inherited)";
				SWIFT_OPTIMIZATION_LEVEL = "-Onone";
			};
			name = Debug;
		};
		86BBB91D2D86804B007A1C74 /* Release */ = {
			isa = XCBuildConfiguration;
			buildSettings = {
				ALWAYS_SEARCH_USER_PATHS = NO;
				ASSETCATALOG_COMPILER_GENERATE_SWIFT_ASSET_SYMBOL_EXTENSIONS = YES;
				CLANG_ANALYZER_NONNULL = YES;
				CLANG_ANALYZER_NUMBER_OBJECT_CONVERSION = YES_AGGRESSIVE;
				CLANG_CXX_LANGUAGE_STANDARD = "gnu++20";
				CLANG_ENABLE_MODULES = YES;
				CLANG_ENABLE_OBJC_ARC = YES;
				CLANG_ENABLE_OBJC_WEAK = YES;
				CLANG_WARN_BLOCK_CAPTURE_AUTORELEASING = YES;
				CLANG_WARN_BOOL_CONVERSION = YES;
				CLANG_WARN_COMMA = YES;
				CLANG_WARN_CONSTANT_CONVERSION = YES;
				CLANG_WARN_DEPRECATED_OBJC_IMPLEMENTATIONS = YES;
				CLANG_WARN_DIRECT_OBJC_ISA_USAGE = YES_ERROR;
				CLANG_WARN_DOCUMENTATION_COMMENTS = YES;
				CLANG_WARN_EMPTY_BODY = YES;
				CLANG_WARN_ENUM_CONVERSION = YES;
				CLANG_WARN_INFINITE_RECURSION = YES;
				CLANG_WARN_INT_CONVERSION = YES;
				CLANG_WARN_NON_LITERAL_NULL_CONVERSION = YES;
				CLANG_WARN_OBJC_IMPLICIT_RETAIN_SELF = YES;
				CLANG_WARN_OBJC_LITERAL_CONVERSION = YES;
				CLANG_WARN_OBJC_ROOT_CLASS = YES_ERROR;
				CLANG_WARN_QUOTED_INCLUDE_IN_FRAMEWORK_HEADER = YES;
				CLANG_WARN_RANGE_LOOP_ANALYSIS = YES;
				CLANG_WARN_STRICT_PROTOTYPES = YES;
				CLANG_WARN_SUSPICIOUS_MOVE = YES;
				CLANG_WARN_UNGUARDED_AVAILABILITY = YES_AGGRESSIVE;
				CLANG_WARN_UNREACHABLE_CODE = YES;
				CLANG_WARN__DUPLICATE_METHOD_MATCH = YES;
				COPY_PHASE_STRIP = NO;
				DEBUG_INFORMATION_FORMAT = "dwarf-with-dsym";
				ENABLE_NS_ASSERTIONS = NO;
				ENABLE_STRICT_OBJC_MSGSEND = YES;
				ENABLE_USER_SCRIPT_SANDBOXING = YES;
				GCC_C_LANGUAGE_STANDARD = gnu17;
				GCC_NO_COMMON_BLOCKS = YES;
				GCC_WARN_64_TO_32_BIT_CONVERSION = YES;
				GCC_WARN_ABOUT_RETURN_TYPE = YES_ERROR;
				GCC_WARN_UNDECLARED_SELECTOR = YES;
				GCC_WARN_UNINITIALIZED_AUTOS = YES_AGGRESSIVE;
				GCC_WARN_UNUSED_FUNCTION = YES;
				GCC_WARN_UNUSED_VARIABLE = YES;
				LOCALIZATION_PREFERS_STRING_CATALOGS = YES;
				MACOSX_DEPLOYMENT_TARGET = 15.2;
				MTL_ENABLE_DEBUG_INFO = NO;
				MTL_FAST_MATH = YES;
				SDKROOT = macosx;
				SWIFT_COMPILATION_MODE = wholemodule;
			};
			name = Release;
		};
		86BBB91F2D86804B007A1C74 /* Debug */ = {
			isa = XCBuildConfiguration;
			buildSettings = {
				ASSETCATALOG_COMPILER_APPICON_NAME = AppIcon;
				ASSETCATALOG_COMPILER_GLOBAL_ACCENT_COLOR_NAME = AccentColor;
				CODE_SIGN_ENTITLEMENTS = "cursor-window/cursor_window.entitlements";
				CODE_SIGN_STYLE = Automatic;
				COMBINE_HIDPI_IMAGES = YES;
				CURRENT_PROJECT_VERSION = 1;
				DEVELOPMENT_ASSET_PATHS = "\"cursor-window/Preview Content\"";
				DEVELOPMENT_TEAM = X2RKZ5TG99;
				ENABLE_HARDENED_RUNTIME = YES;
				ENABLE_PREVIEWS = YES;
				GENERATE_INFOPLIST_FILE = YES;
				INFOPLIST_KEY_NSHumanReadableCopyright = "";
				LD_RUNPATH_SEARCH_PATHS = (
					"$(inherited)",
					"@executable_path/../Frameworks",
				);
				MARKETING_VERSION = 1.0;
				PRODUCT_BUNDLE_IDENTIFIER = "malpern.cursor-window";
				PRODUCT_NAME = "$(TARGET_NAME)";
				SWIFT_EMIT_LOC_STRINGS = YES;
				SWIFT_VERSION = 5.0;
			};
			name = Debug;
		};
		86BBB9202D86804B007A1C74 /* Release */ = {
			isa = XCBuildConfiguration;
			buildSettings = {
				ASSETCATALOG_COMPILER_APPICON_NAME = AppIcon;
				ASSETCATALOG_COMPILER_GLOBAL_ACCENT_COLOR_NAME = AccentColor;
				CODE_SIGN_ENTITLEMENTS = "cursor-window/cursor_window.entitlements";
				CODE_SIGN_STYLE = Automatic;
				COMBINE_HIDPI_IMAGES = YES;
				CURRENT_PROJECT_VERSION = 1;
				DEVELOPMENT_ASSET_PATHS = "\"cursor-window/Preview Content\"";
				DEVELOPMENT_TEAM = X2RKZ5TG99;
				ENABLE_HARDENED_RUNTIME = YES;
				ENABLE_PREVIEWS = YES;
				GENERATE_INFOPLIST_FILE = YES;
				INFOPLIST_KEY_NSHumanReadableCopyright = "";
				LD_RUNPATH_SEARCH_PATHS = (
					"$(inherited)",
					"@executable_path/../Frameworks",
				);
				MARKETING_VERSION = 1.0;
				PRODUCT_BUNDLE_IDENTIFIER = "malpern.cursor-window";
				PRODUCT_NAME = "$(TARGET_NAME)";
				SWIFT_EMIT_LOC_STRINGS = YES;
				SWIFT_VERSION = 5.0;
			};
			name = Release;
		};
		86FD68382D87034200E14F5D /* Debug */ = {
			isa = XCBuildConfiguration;
			buildSettings = {
				BUNDLE_LOADER = "$(TEST_HOST)";
				CODE_SIGN_STYLE = Automatic;
				CURRENT_PROJECT_VERSION = 1;
				DEVELOPMENT_TEAM = X2RKZ5TG99;
				GENERATE_INFOPLIST_FILE = YES;
				MARKETING_VERSION = 1.0;
				PRODUCT_BUNDLE_IDENTIFIER = malpern.CursorMirrorTests;
				PRODUCT_NAME = "$(TARGET_NAME)";
				SWIFT_EMIT_LOC_STRINGS = NO;
				SWIFT_VERSION = 5.0;
				TEST_HOST = "$(BUILT_PRODUCTS_DIR)/cursor-window.app/$(BUNDLE_EXECUTABLE_FOLDER_PATH)/cursor-window";
			};
			name = Debug;
		};
		86FD68392D87034200E14F5D /* Release */ = {
			isa = XCBuildConfiguration;
			buildSettings = {
				BUNDLE_LOADER = "$(TEST_HOST)";
				CODE_SIGN_STYLE = Automatic;
				CURRENT_PROJECT_VERSION = 1;
				DEVELOPMENT_TEAM = X2RKZ5TG99;
				GENERATE_INFOPLIST_FILE = YES;
				MARKETING_VERSION = 1.0;
				PRODUCT_BUNDLE_IDENTIFIER = malpern.CursorMirrorTests;
				PRODUCT_NAME = "$(TARGET_NAME)";
				SWIFT_EMIT_LOC_STRINGS = NO;
				SWIFT_VERSION = 5.0;
				TEST_HOST = "$(BUILT_PRODUCTS_DIR)/cursor-window.app/$(BUNDLE_EXECUTABLE_FOLDER_PATH)/cursor-window";
			};
			name = Release;
		};
		86FD7D5C2D870F2100E14F5D /* Debug */ = {
			isa = XCBuildConfiguration;
			buildSettings = {
				CODE_SIGN_STYLE = Automatic;
				DEVELOPMENT_TEAM = X2RKZ5TG99;
				ENABLE_HARDENED_RUNTIME = YES;
				PRODUCT_NAME = "$(TARGET_NAME)";
				SWIFT_VERSION = 5.0;
			};
			name = Debug;
		};
		86FD7D5D2D870F2100E14F5D /* Release */ = {
			isa = XCBuildConfiguration;
			buildSettings = {
				CODE_SIGN_STYLE = Automatic;
				DEVELOPMENT_TEAM = X2RKZ5TG99;
				ENABLE_HARDENED_RUNTIME = YES;
				PRODUCT_NAME = "$(TARGET_NAME)";
				SWIFT_VERSION = 5.0;
			};
			name = Release;
		};
/* End XCBuildConfiguration section */

/* Begin XCConfigurationList section */
		86BBB90A2D868049007A1C74 /* Build configuration list for PBXProject "cursor-window" */ = {
			isa = XCConfigurationList;
			buildConfigurations = (
				86BBB91C2D86804B007A1C74 /* Debug */,
				86BBB91D2D86804B007A1C74 /* Release */,
			);
			defaultConfigurationIsVisible = 0;
			defaultConfigurationName = Release;
		};
		86BBB91E2D86804B007A1C74 /* Build configuration list for PBXNativeTarget "cursor-window" */ = {
			isa = XCConfigurationList;
			buildConfigurations = (
				86BBB91F2D86804B007A1C74 /* Debug */,
				86BBB9202D86804B007A1C74 /* Release */,
			);
			defaultConfigurationIsVisible = 0;
			defaultConfigurationName = Release;
		};
		86FD683A2D87034200E14F5D /* Build configuration list for PBXNativeTarget "CursorMirrorTests" */ = {
			isa = XCConfigurationList;
			buildConfigurations = (
				86FD68382D87034200E14F5D /* Debug */,
				86FD68392D87034200E14F5D /* Release */,
			);
			defaultConfigurationIsVisible = 0;
			defaultConfigurationName = Release;
		};
		86FD7D5B2D870F2100E14F5D /* Build configuration list for PBXNativeTarget "iconGenerator" */ = {
			isa = XCConfigurationList;
			buildConfigurations = (
				86FD7D5C2D870F2100E14F5D /* Debug */,
				86FD7D5D2D870F2100E14F5D /* Release */,
			);
			defaultConfigurationIsVisible = 0;
			defaultConfigurationName = Release;
		};
/* End XCConfigurationList section */
	};
	rootObject = 86BBB9072D868049007A1C74 /* Project object */;
}
